
Microsoft Visual Studio Solution File, Format Version 12.00
# Visual Studio Version 17
VisualStudioVersion = 17.8.34330.188
MinimumVisualStudioVersion = 10.0.40219.1
Project("{2150E333-8FDC-42A3-9474-1A3956D46DE8}") = "NewFolder1", "NewFolder1", "{78F99CE2-E1B0-450F-9B8F-01846F7E537E}"
EndProject
Project("{9A19103F-16F7-4668-BE54-9A1E7A4F7556}") = "IdentityService.Domain", "IdentityService.Domain\IdentityService.Domain.csproj", "{66AE5E13-4D66-4CCD-93AA-DA85C5660611}"
EndProject
Project("{9A19103F-16F7-4668-BE54-9A1E7A4F7556}") = "IdentityService.Infrastructure", "IdentityService.Infrastructure\IdentityService.Infrastructure.csproj", "{0D4E141A-DCFE-4663-97B8-617A996D6FB7}"
EndProject
Project("{9A19103F-16F7-4668-BE54-9A1E7A4F7556}") = "IdentityService.Host", "IdentityService.Host\IdentityService.Host.csproj", "{E095FA61-4D68-423E-9906-2C6C3808182E}"
EndProject
Global
	GlobalSection(SolutionConfigurationPlatforms) = preSolution
		Debug|Any CPU = Debug|Any CPU
		Release|Any CPU = Release|Any CPU
	EndGlobalSection
	GlobalSection(ProjectConfigurationPlatforms) = postSolution
		{66AE5E13-4D66-4CCD-93AA-DA85C5660611}.Debug|Any CPU.ActiveCfg = Debug|Any CPU
		{66AE5E13-4D66-4CCD-93AA-DA85C5660611}.Debug|Any CPU.Build.0 = Debug|Any CPU
		{66AE5E13-4D66-4CCD-93AA-DA85C5660611}.Release|Any CPU.ActiveCfg = Release|Any CPU
		{66AE5E13-4D66-4CCD-93AA-DA85C5660611}.Release|Any CPU.Build.0 = Release|Any CPU
		{0D4E141A-DCFE-4663-97B8-617A996D6FB7}.Debug|Any CPU.ActiveCfg = Debug|Any CPU
		{0D4E141A-DCFE-4663-97B8-617A996D6FB7}.Debug|Any CPU.Build.0 = Debug|Any CPU
		{0D4E141A-DCFE-4663-97B8-617A996D6FB7}.Release|Any CPU.ActiveCfg = Release|Any CPU
		{0D4E141A-DCFE-4663-97B8-617A996D6FB7}.Release|Any CPU.Build.0 = Release|Any CPU
		{E095FA61-4D68-423E-9906-2C6C3808182E}.Debug|Any CPU.ActiveCfg = Debug|Any CPU
		{E095FA61-4D68-423E-9906-2C6C3808182E}.Debug|Any CPU.Build.0 = Debug|Any CPU
		{E095FA61-4D68-423E-9906-2C6C3808182E}.Release|Any CPU.ActiveCfg = Release|Any CPU
		{E095FA61-4D68-423E-9906-2C6C3808182E}.Release|Any CPU.Build.0 = Release|Any CPU
	EndGlobalSection
	GlobalSection(SolutionProperties) = preSolution
		HideSolutionNode = FALSE
	EndGlobalSection
	GlobalSection(ExtensibilityGlobals) = postSolution
		SolutionGuid = {D80D0C7F-B9AB-494C-8EF6-1DA970609473}
	EndGlobalSection
EndGlobal
