
Microsoft Visual Studio Solution File, Format Version 12.00
# Visual Studio Version 17
VisualStudioVersion = 17.8.34330.188
MinimumVisualStudioVersion = 10.0.40219.1
Project("{9A19103F-16F7-4668-BE54-9A1E7A4F7556}") = "IdentityService.Domain", "IdentityService.Domain\IdentityService.Domain.csproj", "{66AE5E13-4D66-4CCD-93AA-DA85C5660611}"
EndProject
Project("{9A19103F-16F7-4668-BE54-9A1E7A4F7556}") = "IdentityService.Infrastructure", "IdentityService.Infrastructure\IdentityService.Infrastructure.csproj", "{0D4E141A-DCFE-4663-97B8-617A996D6FB7}"
EndProject
Project("{9A19103F-16F7-4668-BE54-9A1E7A4F7556}") = "IdentityService.Host", "IdentityService.Host\IdentityService.Host.csproj", "{E095FA61-4D68-423E-9906-2C6C3808182E}"
EndProject
Project("{2150E333-8FDC-42A3-9474-1A3956D46DE8}") = "base", "base", "{3C8328B9-6141-4903-AB6C-CBC2D5EAEAAD}"
EndProject
Project("{2150E333-8FDC-42A3-9474-1A3956D46DE8}") = "FileService", "FileService", "{81AE44A2-6A95-435E-8BC9-D48BCD7C1E81}"
EndProject
Project("{9A19103F-16F7-4668-BE54-9A1E7A4F7556}") = "FileService.Host", "FileService.Host\FileService.Host.csproj", "{FB2B85D1-8969-407D-A245-BA30DE8A38D9}"
EndProject
Project("{9A19103F-16F7-4668-BE54-9A1E7A4F7556}") = "FileService.Domain", "FileService.Domain\FileService.Domain.csproj", "{84F1284A-A7E3-42C7-8137-7950AFA9FAB4}"
EndProject
Project("{9A19103F-16F7-4668-BE54-9A1E7A4F7556}") = "FileService.Infrastructure", "FileService.Infrastructure\FileService.Infrastructure.csproj", "{FCADFFB8-1280-4A3B-BA1E-3D2DB512E2DE}"
EndProject
Project("{9A19103F-16F7-4668-BE54-9A1E7A4F7556}") = "Learning.AspNetCore", "Learning.AspNetCore\Learning.AspNetCore.csproj", "{E220AD53-F475-4FFF-90BE-6BF4C35F0E70}"
EndProject
Project("{9A19103F-16F7-4668-BE54-9A1E7A4F7556}") = "Learning.Domain", "Learning.Domain\Learning.Domain.csproj", "{EF8A09EB-BFAF-4E3B-9795-151150CE2A6C}"
EndProject
Project("{9A19103F-16F7-4668-BE54-9A1E7A4F7556}") = "Learning.Infrastructure", "Learning.Infrastructure\Learning.Infrastructure.csproj", "{A40AC5C7-6160-4354-9C06-FF820DAEFEFE}"
EndProject
Project("{9A19103F-16F7-4668-BE54-9A1E7A4F7556}") = "FileService.SDK.Net", "FileService.SDK.Net\FileService.SDK.Net.csproj", "{E015F32E-3CCC-45CA-9819-ED24C6E03CD1}"
EndProject
Project("{2150E333-8FDC-42A3-9474-1A3956D46DE8}") = "Listening", "Listening", "{96562D41-7B5A-41F0-9F8D-88AF1EBD49A6}"
EndProject
Project("{9A19103F-16F7-4668-BE54-9A1E7A4F7556}") = "Listening.Domain", "Listening.Domain\Listening.Domain.csproj", "{77870C9E-327E-41CE-8F4E-4C6E2747DCC8}"
EndProject
Project("{9A19103F-16F7-4668-BE54-9A1E7A4F7556}") = "Listening.Infrastructure", "Listening.Infrastructure\Listening.Infrastructure.csproj", "{2ED473C3-B395-4292-9548-C05CD27D6397}"
EndProject
Project("{9A19103F-16F7-4668-BE54-9A1E7A4F7556}") = "Listening.Admin.Host", "Listening.Admin.Host\Listening.Admin.Host.csproj", "{3D18CA61-42BF-4EBC-BA2A-5825E30530D7}"
EndProject
Project("{9A19103F-16F7-4668-BE54-9A1E7A4F7556}") = "Leaning.EventBus", "Leaning.EventBus\Leaning.EventBus.csproj", "{48E0FA55-9D46-412A-85F3-622EC7745896}"
EndProject
Project("{2150E333-8FDC-42A3-9474-1A3956D46DE8}") = "MediaEncoder", "MediaEncoder", "{32359151-E574-4198-983F-9C26CB39E87D}"
EndProject
Project("{9A19103F-16F7-4668-BE54-9A1E7A4F7556}") = "MediaEncoder.Domain", "MediaEncoder.Domain\MediaEncoder.Domain.csproj", "{A9E0B66D-0E7C-4635-9BBC-F658A8AE3B8E}"
EndProject
Project("{9A19103F-16F7-4668-BE54-9A1E7A4F7556}") = "MediaEncoder.Infrastructure", "MediaEncoder.Infrastructure\MediaEncoder.Infrastructure.csproj", "{A8CECB21-C42D-43D9-85D6-DD8BEB97CCE6}"
EndProject
Project("{FAE04EC0-301F-11D3-BF4B-00C04F79EFBC}") = "MediaEncoder.Host", "MediaEncoder.Host\MediaEncoder.Host.csproj", "{94636EC6-F6D5-4DEA-90B6-0BA57D2EFB1E}"
EndProject
Global
	GlobalSection(SolutionConfigurationPlatforms) = preSolution
		Debug|Any CPU = Debug|Any CPU
		Release|Any CPU = Release|Any CPU
	EndGlobalSection
	GlobalSection(ProjectConfigurationPlatforms) = postSolution
		{66AE5E13-4D66-4CCD-93AA-DA85C5660611}.Debug|Any CPU.ActiveCfg = Debug|Any CPU
		{66AE5E13-4D66-4CCD-93AA-DA85C5660611}.Debug|Any CPU.Build.0 = Debug|Any CPU
		{66AE5E13-4D66-4CCD-93AA-DA85C5660611}.Release|Any CPU.ActiveCfg = Release|Any CPU
		{66AE5E13-4D66-4CCD-93AA-DA85C5660611}.Release|Any CPU.Build.0 = Release|Any CPU
		{0D4E141A-DCFE-4663-97B8-617A996D6FB7}.Debug|Any CPU.ActiveCfg = Debug|Any CPU
		{0D4E141A-DCFE-4663-97B8-617A996D6FB7}.Debug|Any CPU.Build.0 = Debug|Any CPU
		{0D4E141A-DCFE-4663-97B8-617A996D6FB7}.Release|Any CPU.ActiveCfg = Release|Any CPU
		{0D4E141A-DCFE-4663-97B8-617A996D6FB7}.Release|Any CPU.Build.0 = Release|Any CPU
		{E095FA61-4D68-423E-9906-2C6C3808182E}.Debug|Any CPU.ActiveCfg = Debug|Any CPU
		{E095FA61-4D68-423E-9906-2C6C3808182E}.Debug|Any CPU.Build.0 = Debug|Any CPU
		{E095FA61-4D68-423E-9906-2C6C3808182E}.Release|Any CPU.ActiveCfg = Release|Any CPU
		{E095FA61-4D68-423E-9906-2C6C3808182E}.Release|Any CPU.Build.0 = Release|Any CPU
		{FB2B85D1-8969-407D-A245-BA30DE8A38D9}.Debug|Any CPU.ActiveCfg = Debug|Any CPU
		{FB2B85D1-8969-407D-A245-BA30DE8A38D9}.Debug|Any CPU.Build.0 = Debug|Any CPU
		{FB2B85D1-8969-407D-A245-BA30DE8A38D9}.Release|Any CPU.ActiveCfg = Release|Any CPU
		{FB2B85D1-8969-407D-A245-BA30DE8A38D9}.Release|Any CPU.Build.0 = Release|Any CPU
		{84F1284A-A7E3-42C7-8137-7950AFA9FAB4}.Debug|Any CPU.ActiveCfg = Debug|Any CPU
		{84F1284A-A7E3-42C7-8137-7950AFA9FAB4}.Debug|Any CPU.Build.0 = Debug|Any CPU
		{84F1284A-A7E3-42C7-8137-7950AFA9FAB4}.Release|Any CPU.ActiveCfg = Release|Any CPU
		{84F1284A-A7E3-42C7-8137-7950AFA9FAB4}.Release|Any CPU.Build.0 = Release|Any CPU
		{FCADFFB8-1280-4A3B-BA1E-3D2DB512E2DE}.Debug|Any CPU.ActiveCfg = Debug|Any CPU
		{FCADFFB8-1280-4A3B-BA1E-3D2DB512E2DE}.Debug|Any CPU.Build.0 = Debug|Any CPU
		{FCADFFB8-1280-4A3B-BA1E-3D2DB512E2DE}.Release|Any CPU.ActiveCfg = Release|Any CPU
		{FCADFFB8-1280-4A3B-BA1E-3D2DB512E2DE}.Release|Any CPU.Build.0 = Release|Any CPU
		{E220AD53-F475-4FFF-90BE-6BF4C35F0E70}.Debug|Any CPU.ActiveCfg = Debug|Any CPU
		{E220AD53-F475-4FFF-90BE-6BF4C35F0E70}.Debug|Any CPU.Build.0 = Debug|Any CPU
		{E220AD53-F475-4FFF-90BE-6BF4C35F0E70}.Release|Any CPU.ActiveCfg = Release|Any CPU
		{E220AD53-F475-4FFF-90BE-6BF4C35F0E70}.Release|Any CPU.Build.0 = Release|Any CPU
		{EF8A09EB-BFAF-4E3B-9795-151150CE2A6C}.Debug|Any CPU.ActiveCfg = Debug|Any CPU
		{EF8A09EB-BFAF-4E3B-9795-151150CE2A6C}.Debug|Any CPU.Build.0 = Debug|Any CPU
		{EF8A09EB-BFAF-4E3B-9795-151150CE2A6C}.Release|Any CPU.ActiveCfg = Release|Any CPU
		{EF8A09EB-BFAF-4E3B-9795-151150CE2A6C}.Release|Any CPU.Build.0 = Release|Any CPU
		{A40AC5C7-6160-4354-9C06-FF820DAEFEFE}.Debug|Any CPU.ActiveCfg = Debug|Any CPU
		{A40AC5C7-6160-4354-9C06-FF820DAEFEFE}.Debug|Any CPU.Build.0 = Debug|Any CPU
		{A40AC5C7-6160-4354-9C06-FF820DAEFEFE}.Release|Any CPU.ActiveCfg = Release|Any CPU
		{A40AC5C7-6160-4354-9C06-FF820DAEFEFE}.Release|Any CPU.Build.0 = Release|Any CPU
		{E015F32E-3CCC-45CA-9819-ED24C6E03CD1}.Debug|Any CPU.ActiveCfg = Debug|Any CPU
		{E015F32E-3CCC-45CA-9819-ED24C6E03CD1}.Debug|Any CPU.Build.0 = Debug|Any CPU
		{E015F32E-3CCC-45CA-9819-ED24C6E03CD1}.Release|Any CPU.ActiveCfg = Release|Any CPU
		{E015F32E-3CCC-45CA-9819-ED24C6E03CD1}.Release|Any CPU.Build.0 = Release|Any CPU
		{77870C9E-327E-41CE-8F4E-4C6E2747DCC8}.Debug|Any CPU.ActiveCfg = Debug|Any CPU
		{77870C9E-327E-41CE-8F4E-4C6E2747DCC8}.Debug|Any CPU.Build.0 = Debug|Any CPU
		{77870C9E-327E-41CE-8F4E-4C6E2747DCC8}.Release|Any CPU.ActiveCfg = Release|Any CPU
		{77870C9E-327E-41CE-8F4E-4C6E2747DCC8}.Release|Any CPU.Build.0 = Release|Any CPU
		{2ED473C3-B395-4292-9548-C05CD27D6397}.Debug|Any CPU.ActiveCfg = Debug|Any CPU
		{2ED473C3-B395-4292-9548-C05CD27D6397}.Debug|Any CPU.Build.0 = Debug|Any CPU
		{2ED473C3-B395-4292-9548-C05CD27D6397}.Release|Any CPU.ActiveCfg = Release|Any CPU
		{2ED473C3-B395-4292-9548-C05CD27D6397}.Release|Any CPU.Build.0 = Release|Any CPU
		{3D18CA61-42BF-4EBC-BA2A-5825E30530D7}.Debug|Any CPU.ActiveCfg = Debug|Any CPU
		{3D18CA61-42BF-4EBC-BA2A-5825E30530D7}.Debug|Any CPU.Build.0 = Debug|Any CPU
		{3D18CA61-42BF-4EBC-BA2A-5825E30530D7}.Release|Any CPU.ActiveCfg = Release|Any CPU
		{3D18CA61-42BF-4EBC-BA2A-5825E30530D7}.Release|Any CPU.Build.0 = Release|Any CPU
		{48E0FA55-9D46-412A-85F3-622EC7745896}.Debug|Any CPU.ActiveCfg = Debug|Any CPU
		{48E0FA55-9D46-412A-85F3-622EC7745896}.Debug|Any CPU.Build.0 = Debug|Any CPU
		{48E0FA55-9D46-412A-85F3-622EC7745896}.Release|Any CPU.ActiveCfg = Release|Any CPU
		{48E0FA55-9D46-412A-85F3-622EC7745896}.Release|Any CPU.Build.0 = Release|Any CPU
		{A9E0B66D-0E7C-4635-9BBC-F658A8AE3B8E}.Debug|Any CPU.ActiveCfg = Debug|Any CPU
		{A9E0B66D-0E7C-4635-9BBC-F658A8AE3B8E}.Debug|Any CPU.Build.0 = Debug|Any CPU
		{A9E0B66D-0E7C-4635-9BBC-F658A8AE3B8E}.Release|Any CPU.ActiveCfg = Release|Any CPU
		{A9E0B66D-0E7C-4635-9BBC-F658A8AE3B8E}.Release|Any CPU.Build.0 = Release|Any CPU
		{A8CECB21-C42D-43D9-85D6-DD8BEB97CCE6}.Debug|Any CPU.ActiveCfg = Debug|Any CPU
		{A8CECB21-C42D-43D9-85D6-DD8BEB97CCE6}.Debug|Any CPU.Build.0 = Debug|Any CPU
		{A8CECB21-C42D-43D9-85D6-DD8BEB97CCE6}.Release|Any CPU.ActiveCfg = Release|Any CPU
		{A8CECB21-C42D-43D9-85D6-DD8BEB97CCE6}.Release|Any CPU.Build.0 = Release|Any CPU
		{94636EC6-F6D5-4DEA-90B6-0BA57D2EFB1E}.Debug|Any CPU.ActiveCfg = Debug|Any CPU
		{94636EC6-F6D5-4DEA-90B6-0BA57D2EFB1E}.Debug|Any CPU.Build.0 = Debug|Any CPU
		{94636EC6-F6D5-4DEA-90B6-0BA57D2EFB1E}.Release|Any CPU.ActiveCfg = Release|Any CPU
		{94636EC6-F6D5-4DEA-90B6-0BA57D2EFB1E}.Release|Any CPU.Build.0 = Release|Any CPU
	EndGlobalSection
	GlobalSection(SolutionProperties) = preSolution
		HideSolutionNode = FALSE
	EndGlobalSection
	GlobalSection(NestedProjects) = preSolution
		{FB2B85D1-8969-407D-A245-BA30DE8A38D9} = {81AE44A2-6A95-435E-8BC9-D48BCD7C1E81}
		{84F1284A-A7E3-42C7-8137-7950AFA9FAB4} = {81AE44A2-6A95-435E-8BC9-D48BCD7C1E81}
		{FCADFFB8-1280-4A3B-BA1E-3D2DB512E2DE} = {81AE44A2-6A95-435E-8BC9-D48BCD7C1E81}
		{E220AD53-F475-4FFF-90BE-6BF4C35F0E70} = {3C8328B9-6141-4903-AB6C-CBC2D5EAEAAD}
		{EF8A09EB-BFAF-4E3B-9795-151150CE2A6C} = {3C8328B9-6141-4903-AB6C-CBC2D5EAEAAD}
		{A40AC5C7-6160-4354-9C06-FF820DAEFEFE} = {3C8328B9-6141-4903-AB6C-CBC2D5EAEAAD}
		{E015F32E-3CCC-45CA-9819-ED24C6E03CD1} = {81AE44A2-6A95-435E-8BC9-D48BCD7C1E81}
		{77870C9E-327E-41CE-8F4E-4C6E2747DCC8} = {96562D41-7B5A-41F0-9F8D-88AF1EBD49A6}
		{2ED473C3-B395-4292-9548-C05CD27D6397} = {96562D41-7B5A-41F0-9F8D-88AF1EBD49A6}
		{3D18CA61-42BF-4EBC-BA2A-5825E30530D7} = {96562D41-7B5A-41F0-9F8D-88AF1EBD49A6}
		{48E0FA55-9D46-412A-85F3-622EC7745896} = {3C8328B9-6141-4903-AB6C-CBC2D5EAEAAD}
		{A9E0B66D-0E7C-4635-9BBC-F658A8AE3B8E} = {32359151-E574-4198-983F-9C26CB39E87D}
		{A8CECB21-C42D-43D9-85D6-DD8BEB97CCE6} = {32359151-E574-4198-983F-9C26CB39E87D}
		{94636EC6-F6D5-4DEA-90B6-0BA57D2EFB1E} = {32359151-E574-4198-983F-9C26CB39E87D}
	EndGlobalSection
	GlobalSection(ExtensibilityGlobals) = postSolution
		SolutionGuid = {D80D0C7F-B9AB-494C-8EF6-1DA970609473}
	EndGlobalSection
EndGlobal
